
Microsoft Visual Studio Solution File, Format Version 10.00
# Visual C# Express 2008
Project("{FAE04EC0-301F-11D3-BF4B-00C04F79EFBC}") = "DateTimePickerDemo", "DateTimePickerDemo\DateTimePickerDemo.csproj", "{FBC8553C-E198-485D-BEAC-0493FCAD6ADC}"
EndProject
Global
	GlobalSection(SolutionConfigurationPlatforms) = preSolution
		Debug|Any CPU = Debug|Any CPU
		Release|Any CPU = Release|Any CPU
	EndGlobalSection
	GlobalSection(ProjectConfigurationPlatforms) = postSolution
		{FBC8553C-E198-485D-BEAC-0493FCAD6ADC}.Debug|Any CPU.ActiveCfg = Debug|Any CPU
		{FBC8553C-E198-485D-BEAC-0493FCAD6ADC}.Debug|Any CPU.Build.0 = Debug|Any CPU
		{FBC8553C-E198-485D-BEAC-0493FCAD6ADC}.Release|Any CPU.ActiveCfg = Release|Any CPU
		{FBC8553C-E198-485D-BEAC-0493FCAD6ADC}.Release|Any CPU.Build.0 = Release|Any CPU
	EndGlobalSection
	GlobalSection(SolutionProperties) = preSolution
		HideSolutionNode = FALSE
	EndGlobalSection
EndGlobal
