
Microsoft Visual Studio Solution File, Format Version 10.00
# Visual C# Express 2008
Project("{FAE04EC0-301F-11D3-BF4B-00C04F79EFBC}") = "StudentsDemo2", "StudentsDemo2\StudentsDemo2.csproj", "{5ED00DE3-1D0C-4C2B-9E79-2A75C21EE8A8}"
EndProject
Global
	GlobalSection(SolutionConfigurationPlatforms) = preSolution
		Debug|Any CPU = Debug|Any CPU
		Release|Any CPU = Release|Any CPU
	EndGlobalSection
	GlobalSection(ProjectConfigurationPlatforms) = postSolution
		{5ED00DE3-1D0C-4C2B-9E79-2A75C21EE8A8}.Debug|Any CPU.ActiveCfg = Debug|Any CPU
		{5ED00DE3-1D0C-4C2B-9E79-2A75C21EE8A8}.Debug|Any CPU.Build.0 = Debug|Any CPU
		{5ED00DE3-1D0C-4C2B-9E79-2A75C21EE8A8}.Release|Any CPU.ActiveCfg = Release|Any CPU
		{5ED00DE3-1D0C-4C2B-9E79-2A75C21EE8A8}.Release|Any CPU.Build.0 = Release|Any CPU
	EndGlobalSection
	GlobalSection(SolutionProperties) = preSolution
		HideSolutionNode = FALSE
	EndGlobalSection
EndGlobal
