
Microsoft Visual Studio Solution File, Format Version 9.00
# Visual C# Express 2005
Project("{FAE04EC0-301F-11D3-BF4B-00C04F79EFBC}") = "FixedDebugEleven4", "FixedDebugEleven4\FixedDebugEleven4.csproj", "{75E97969-0ED1-4D8D-BC0A-51D9BB4A00BD}"
EndProject
Global
	GlobalSection(SolutionConfigurationPlatforms) = preSolution
		Debug|Any CPU = Debug|Any CPU
		Release|Any CPU = Release|Any CPU
	EndGlobalSection
	GlobalSection(ProjectConfigurationPlatforms) = postSolution
		{75E97969-0ED1-4D8D-BC0A-51D9BB4A00BD}.Debug|Any CPU.ActiveCfg = Debug|Any CPU
		{75E97969-0ED1-4D8D-BC0A-51D9BB4A00BD}.Debug|Any CPU.Build.0 = Debug|Any CPU
		{75E97969-0ED1-4D8D-BC0A-51D9BB4A00BD}.Release|Any CPU.ActiveCfg = Release|Any CPU
		{75E97969-0ED1-4D8D-BC0A-51D9BB4A00BD}.Release|Any CPU.Build.0 = Release|Any CPU
	EndGlobalSection
	GlobalSection(SolutionProperties) = preSolution
		HideSolutionNode = FALSE
	EndGlobalSection
EndGlobal
