
Microsoft Visual Studio Solution File, Format Version 10.00
# Visual C# Express 2008
Project("{FAE04EC0-301F-11D3-BF4B-00C04F79EFBC}") = "Form With Link Labels", "Form With Link Labels\Form With Link Labels.csproj", "{31EAFB48-F83F-42D6-9766-85393591182C}"
EndProject
Global
	GlobalSection(SolutionConfigurationPlatforms) = preSolution
		Debug|Any CPU = Debug|Any CPU
		Release|Any CPU = Release|Any CPU
	EndGlobalSection
	GlobalSection(ProjectConfigurationPlatforms) = postSolution
		{31EAFB48-F83F-42D6-9766-85393591182C}.Debug|Any CPU.ActiveCfg = Debug|Any CPU
		{31EAFB48-F83F-42D6-9766-85393591182C}.Debug|Any CPU.Build.0 = Debug|Any CPU
		{31EAFB48-F83F-42D6-9766-85393591182C}.Release|Any CPU.ActiveCfg = Release|Any CPU
		{31EAFB48-F83F-42D6-9766-85393591182C}.Release|Any CPU.Build.0 = Release|Any CPU
	EndGlobalSection
	GlobalSection(SolutionProperties) = preSolution
		HideSolutionNode = FALSE
	EndGlobalSection
EndGlobal
