
Microsoft Visual Studio Solution File, Format Version 10.00
# Visual C# Express 2008
Project("{FAE04EC0-301F-11D3-BF4B-00C04F79EFBC}") = "FixedDebugEleven2", "FixedDebugEleven2\FixedDebugEleven2.csproj", "{691802D8-08D2-403B-9897-8CE7832B2408}"
EndProject
Global
	GlobalSection(SolutionConfigurationPlatforms) = preSolution
		Debug|Any CPU = Debug|Any CPU
		Release|Any CPU = Release|Any CPU
	EndGlobalSection
	GlobalSection(ProjectConfigurationPlatforms) = postSolution
		{691802D8-08D2-403B-9897-8CE7832B2408}.Debug|Any CPU.ActiveCfg = Debug|Any CPU
		{691802D8-08D2-403B-9897-8CE7832B2408}.Debug|Any CPU.Build.0 = Debug|Any CPU
		{691802D8-08D2-403B-9897-8CE7832B2408}.Release|Any CPU.ActiveCfg = Release|Any CPU
		{691802D8-08D2-403B-9897-8CE7832B2408}.Release|Any CPU.Build.0 = Release|Any CPU
	EndGlobalSection
	GlobalSection(SolutionProperties) = preSolution
		HideSolutionNode = FALSE
	EndGlobalSection
EndGlobal
