
Microsoft Visual Studio Solution File, Format Version 10.00
# Visual C# Express 2008
Project("{FAE04EC0-301F-11D3-BF4B-00C04F79EFBC}") = "ComboBoxAndCheckedListBoxDemo", "ComboBoxAndCheckedListBoxDemo\ComboBoxAndCheckedListBoxDemo.csproj", "{FB841DC7-CBAB-4DD1-B5D2-46C6B7ED3119}"
EndProject
Global
	GlobalSection(SolutionConfigurationPlatforms) = preSolution
		Debug|Any CPU = Debug|Any CPU
		Release|Any CPU = Release|Any CPU
	EndGlobalSection
	GlobalSection(ProjectConfigurationPlatforms) = postSolution
		{FB841DC7-CBAB-4DD1-B5D2-46C6B7ED3119}.Debug|Any CPU.ActiveCfg = Debug|Any CPU
		{FB841DC7-CBAB-4DD1-B5D2-46C6B7ED3119}.Debug|Any CPU.Build.0 = Debug|Any CPU
		{FB841DC7-CBAB-4DD1-B5D2-46C6B7ED3119}.Release|Any CPU.ActiveCfg = Release|Any CPU
		{FB841DC7-CBAB-4DD1-B5D2-46C6B7ED3119}.Release|Any CPU.Build.0 = Release|Any CPU
	EndGlobalSection
	GlobalSection(SolutionProperties) = preSolution
		HideSolutionNode = FALSE
	EndGlobalSection
EndGlobal
